packages:
  common_verification:
    revision: b616c1a25aea3b76e32dcbed2ec87d057efdcffd
    version: 0.2.1
    source:
      Git: https://github.com/pulp-platform/common_verification.git
    dependencies: []
  hci:
    revision: dc245ab36b1037f3a61d6aa97a3b59b3756c4472
    version: 1.0.6
    source:
      Git: https://github.com/pulp-platform/hci.git
    dependencies:
    - hwpe-stream
  hwpe-ctrl:
    revision: 0336a85f7515fbd50ffab1a3290812401ef321b6
    version: 1.6.2
    source:
      Git: https://github.com/pulp-platform/hwpe-ctrl.git
    dependencies:
    - tech_cells_generic
  hwpe-stream:
    revision: ddc154424187dff42a8fcec946c768ceb13f13de
    version: 1.6.4
    source:
      Git: https://github.com/pulp-platform/hwpe-stream.git
    dependencies:
    - tech_cells_generic
  ne16:
    revision: null
    version: null
    source:
      Path: upstream
    dependencies:
    - hci
    - hwpe-ctrl
    - hwpe-stream
  tech_cells_generic:
    revision: e6226a6f374eb88fed84d4989bb3f066cb470f33
    version: 0.2.9
    source:
      Git: https://github.com/pulp-platform/tech_cells_generic.git
    dependencies:
    - common_verification
